
Microsoft Visual Studio Solution File, Format Version 11.00
# Visual Studio 10
Project("{FAE04EC0-301F-11D3-BF4B-00C04F79EFBC}") = "PetriNetCore", "PetriNetCore\PetriNetCore.csproj", "{0D54BE5B-EF12-401C-9E6B-FEFC4557D13D}"
EndProject
Project("{FAE04EC0-301F-11D3-BF4B-00C04F79EFBC}") = "TestProject1", "TestProject1\TestProject1.csproj", "{2885F23C-DDB0-43BE-BE46-7C11F21BB505}"
EndProject
Project("{2150E333-8FDC-42A3-9474-1A3956D46DE8}") = "Solution Items", "Solution Items", "{33BBF81D-448A-4648-9E4A-D0F9A78F3A84}"
	ProjectSection(SolutionItems) = preProject
		Local.testsettings = Local.testsettings
		notes.txt = notes.txt
		PetriNet1.vsmdi = PetriNet1.vsmdi
		pnml.ex1.xml = pnml.ex1.xml
		TraceAndTestImpact.testsettings = TraceAndTestImpact.testsettings
	EndProjectSection
EndProject
Global
	GlobalSection(TestCaseManagementSettings) = postSolution
		CategoryFile = PetriNet1.vsmdi
	EndGlobalSection
	GlobalSection(SolutionConfigurationPlatforms) = preSolution
		Debug|Any CPU = Debug|Any CPU
		Debug|Mixed Platforms = Debug|Mixed Platforms
		Debug|x86 = Debug|x86
		Release|Any CPU = Release|Any CPU
		Release|Mixed Platforms = Release|Mixed Platforms
		Release|x86 = Release|x86
	EndGlobalSection
	GlobalSection(ProjectConfigurationPlatforms) = postSolution
		{0D54BE5B-EF12-401C-9E6B-FEFC4557D13D}.Debug|Any CPU.ActiveCfg = Debug|x86
		{0D54BE5B-EF12-401C-9E6B-FEFC4557D13D}.Debug|Mixed Platforms.ActiveCfg = Debug|x86
		{0D54BE5B-EF12-401C-9E6B-FEFC4557D13D}.Debug|Mixed Platforms.Build.0 = Debug|x86
		{0D54BE5B-EF12-401C-9E6B-FEFC4557D13D}.Debug|x86.ActiveCfg = Debug|x86
		{0D54BE5B-EF12-401C-9E6B-FEFC4557D13D}.Debug|x86.Build.0 = Debug|x86
		{0D54BE5B-EF12-401C-9E6B-FEFC4557D13D}.Release|Any CPU.ActiveCfg = Release|x86
		{0D54BE5B-EF12-401C-9E6B-FEFC4557D13D}.Release|Mixed Platforms.ActiveCfg = Release|x86
		{0D54BE5B-EF12-401C-9E6B-FEFC4557D13D}.Release|Mixed Platforms.Build.0 = Release|x86
		{0D54BE5B-EF12-401C-9E6B-FEFC4557D13D}.Release|x86.ActiveCfg = Release|x86
		{0D54BE5B-EF12-401C-9E6B-FEFC4557D13D}.Release|x86.Build.0 = Release|x86
		{2885F23C-DDB0-43BE-BE46-7C11F21BB505}.Debug|Any CPU.ActiveCfg = Debug|Any CPU
		{2885F23C-DDB0-43BE-BE46-7C11F21BB505}.Debug|Any CPU.Build.0 = Debug|Any CPU
		{2885F23C-DDB0-43BE-BE46-7C11F21BB505}.Debug|Mixed Platforms.ActiveCfg = Debug|Any CPU
		{2885F23C-DDB0-43BE-BE46-7C11F21BB505}.Debug|Mixed Platforms.Build.0 = Debug|Any CPU
		{2885F23C-DDB0-43BE-BE46-7C11F21BB505}.Debug|x86.ActiveCfg = Debug|Any CPU
		{2885F23C-DDB0-43BE-BE46-7C11F21BB505}.Release|Any CPU.ActiveCfg = Release|Any CPU
		{2885F23C-DDB0-43BE-BE46-7C11F21BB505}.Release|Any CPU.Build.0 = Release|Any CPU
		{2885F23C-DDB0-43BE-BE46-7C11F21BB505}.Release|Mixed Platforms.ActiveCfg = Release|Any CPU
		{2885F23C-DDB0-43BE-BE46-7C11F21BB505}.Release|Mixed Platforms.Build.0 = Release|Any CPU
		{2885F23C-DDB0-43BE-BE46-7C11F21BB505}.Release|x86.ActiveCfg = Release|Any CPU
	EndGlobalSection
	GlobalSection(SolutionProperties) = preSolution
		HideSolutionNode = FALSE
	EndGlobalSection
EndGlobal
